<?xml version="1.0" encoding="utf-8"?>
<Project ToolsVersion="4.0" xmlns="http://schemas.microsoft.com/developer/msbuild/2003">
  <ItemGroup>
    <Filter Include="Source Files">
      <UniqueIdentifier>{4FC737F1-C7A5-4376-A066-2A32D752A2FF}</UniqueIdentifier>
      <Extensions>cpp;c;cc;cxx;def;odl;idl;hpj;bat;asm;asmx</Extensions>
    </Filter>
    <Filter Include="Header Files">
      <UniqueIdentifier>{93995380-89BD-4b04-88EB-625FBE52EBFB}</UniqueIdentifier>
      <Extensions>h;hh;hpp;hxx;hm;inl;inc;ipp;xsd</Extensions>
    </Filter>
    <Filter Include="Resource Files">
      <UniqueIdentifier>{67DA6AB6-F800-4c08-8B7A-83BB121AAD01}</UniqueIdentifier>
      <Extensions>rc;ico;cur;bmp;dlg;rc2;rct;bin;rgs;gif;jpg;jpeg;jpe;resx;tiff;tif;png;wav;mfcribbon-ms</Extensions>
    </Filter>
    <Filter Include="Source Files\StageManagement">
      <UniqueIdentifier>{433e971b-ff8d-4a79-aa58-f6d17e1b1052}</UniqueIdentifier>
    </Filter>
    <Filter Include="Source Files\GameManagement">
      <UniqueIdentifier>{0ca86057-9c0a-4313-a10e-0839382c8f32}</UniqueIdentifier>
    </Filter>
    <Filter Include="Source Files\Utility">
      <UniqueIdentifier>{06fa16d4-f36c-457e-9806-50786d982588}</UniqueIdentifier>
    </Filter>
    <Filter Include="Source Files\Entity">
      <UniqueIdentifier>{3d06ab4b-59af-4769-abd0-941ebc71ee6e}</UniqueIdentifier>
    </Filter>
    <Filter Include="Header Files\StageManagement">
      <UniqueIdentifier>{51b9de12-7b66-4698-bc86-9f1fb3c041d4}</UniqueIdentifier>
    </Filter>
    <Filter Include="Header Files\GameManagement">
      <UniqueIdentifier>{2c1e5226-d356-4184-aebe-89ed0eaa0c00}</UniqueIdentifier>
    </Filter>
    <Filter Include="Header Files\Entity">
      <UniqueIdentifier>{e4fbb880-4edf-45e1-bacc-841caa14e4db}</UniqueIdentifier>
    </Filter>
    <Filter Include="Header Files\Utility">
      <UniqueIdentifier>{795b125c-d17f-4798-b97f-ab6df68a136d}</UniqueIdentifier>
    </Filter>
    <Filter Include="Source Files\StageManagement\Stages">
      <UniqueIdentifier>{4580b0a0-9564-44b1-8f90-04f7f0949b1d}</UniqueIdentifier>
    </Filter>
    <Filter Include="Header Files\StageManagement\Stages">
      <UniqueIdentifier>{de8cee39-ed96-473a-af33-bdc88bce07a3}</UniqueIdentifier>
    </Filter>
    <Filter Include="Source Files\Component">
      <UniqueIdentifier>{b440d462-7d90-4b7a-961e-48d24d670635}</UniqueIdentifier>
    </Filter>
    <Filter Include="Header Files\Component">
      <UniqueIdentifier>{eb939f16-9b45-4cb3-abab-12c59941f0ec}</UniqueIdentifier>
    </Filter>
    <Filter Include="Header Files\Component\ConcreateComponent">
      <UniqueIdentifier>{64e428d3-7665-47bf-a3f8-bf280ffac01a}</UniqueIdentifier>
    </Filter>
    <Filter Include="Source Files\Component\ConcreateComponent">
      <UniqueIdentifier>{9e7b066f-a67e-4948-a07d-20781cfea2b5}</UniqueIdentifier>
    </Filter>
    <Filter Include="Source Files\Entity\Item">
      <UniqueIdentifier>{2252350f-0a94-4087-9eb4-7b661e735c94}</UniqueIdentifier>
    </Filter>
    <Filter Include="Header Files\Entity\Item">
      <UniqueIdentifier>{4cd1ec42-aa43-480f-b75b-6388971c050f}</UniqueIdentifier>
    </Filter>
    <Filter Include="Source Files\Tileset">
      <UniqueIdentifier>{0e0dd9c8-63b1-4423-a9f9-cb09e0d08fc5}</UniqueIdentifier>
    </Filter>
    <Filter Include="Header Files\Tileset">
      <UniqueIdentifier>{6b1ea44b-f135-48b9-b2a0-12ab7c6db262}</UniqueIdentifier>
    </Filter>
    <Filter Include="Source Files\AStar">
      <UniqueIdentifier>{d5fd8b7f-4618-4d7d-a6d5-c13cc023bc42}</UniqueIdentifier>
    </Filter>
    <Filter Include="Header Files\AStar">
      <UniqueIdentifier>{21f4e292-3c41-4ee3-9fbb-8a51a1563a9d}</UniqueIdentifier>
    </Filter>
  </ItemGroup>
  <ItemGroup>
    <ClCompile Include="StageManager.cpp">
      <Filter>Source Files\StageManagement</Filter>
    </ClCompile>
    <ClCompile Include="GameplayStage.cpp">
      <Filter>Source Files\StageManagement\Stages</Filter>
    </ClCompile>
    <ClCompile Include="PlanningStage.cpp">
      <Filter>Source Files\StageManagement\Stages</Filter>
    </ClCompile>
    <ClCompile Include="TerritoryWar.cpp">
      <Filter>Source Files</Filter>
    </ClCompile>
    <ClCompile Include="Player.cpp">
      <Filter>Source Files\Entity</Filter>
    </ClCompile>
    <ClCompile Include="ComponentHolder.cpp">
      <Filter>Source Files\Component</Filter>
    </ClCompile>
    <ClCompile Include="HealthComponent.cpp">
      <Filter>Source Files\Component\ConcreateComponent</Filter>
    </ClCompile>
    <ClCompile Include="Entity.cpp">
      <Filter>Source Files\Entity</Filter>
    </ClCompile>
    <ClCompile Include="IDGenerator.cpp">
      <Filter>Source Files\Utility</Filter>
    </ClCompile>
    <ClCompile Include="Weapon.cpp">
      <Filter>Source Files\Entity\Item</Filter>
    </ClCompile>
    <ClCompile Include="CanContain.cpp">
      <Filter>Source Files\Component\ConcreateComponent</Filter>
    </ClCompile>
    <ClCompile Include="DamageComponent.cpp">
      <Filter>Source Files\Component\ConcreateComponent</Filter>
    </ClCompile>
    <ClCompile Include="Bullet.cpp">
      <Filter>Source Files\Entity</Filter>
    </ClCompile>
    <ClCompile Include="ShootingComponent.cpp">
      <Filter>Source Files\Component\ConcreateComponent</Filter>
    </ClCompile>
    <ClCompile Include="Enemy.cpp">
      <Filter>Source Files\Entity</Filter>
    </ClCompile>
    <ClCompile Include="Map.cpp">
      <Filter>Source Files\Tileset</Filter>
    </ClCompile>
    <ClCompile Include="Tile.cpp">
      <Filter>Source Files\Tileset</Filter>
    </ClCompile>
    <ClCompile Include="TileModel.cpp">
      <Filter>Source Files</Filter>
    </ClCompile>
    <ClCompile Include="StringUtil.cpp">
      <Filter>Source Files\Utility</Filter>
    </ClCompile>
    <ClCompile Include="AStar.cpp">
      <Filter>Source Files\AStar</Filter>
    </ClCompile>
  </ItemGroup>
  <ItemGroup>
    <ClInclude Include="StageManager.h">
      <Filter>Header Files\StageManagement</Filter>
    </ClInclude>
    <ClInclude Include="Stage.h">
      <Filter>Header Files\StageManagement</Filter>
    </ClInclude>
    <ClInclude Include="StageEnum.h">
      <Filter>Header Files\StageManagement</Filter>
    </ClInclude>
    <ClInclude Include="GameplayStage.h">
      <Filter>Header Files\StageManagement\Stages</Filter>
    </ClInclude>
    <ClInclude Include="PlanningStage.h">
      <Filter>Header Files\StageManagement\Stages</Filter>
    </ClInclude>
    <ClInclude Include="Player.h">
      <Filter>Header Files\Entity</Filter>
    </ClInclude>
    <ClInclude Include="ComponentHolder.h">
      <Filter>Header Files\Component</Filter>
    </ClInclude>
    <ClInclude Include="Component.h">
      <Filter>Header Files\Component</Filter>
    </ClInclude>
    <ClInclude Include="Entity.h">
      <Filter>Header Files\Entity</Filter>
    </ClInclude>
    <ClInclude Include="HealthComponent.h">
      <Filter>Header Files\Component\ConcreateComponent</Filter>
    </ClInclude>
    <ClInclude Include="IDGenerator.h">
      <Filter>Header Files\Utility</Filter>
    </ClInclude>
    <ClInclude Include="Weapon.h">
      <Filter>Header Files\Entity\Item</Filter>
    </ClInclude>
    <ClInclude Include="CanContain.h">
      <Filter>Header Files\Component\ConcreateComponent</Filter>
    </ClInclude>
    <ClInclude Include="DamageComponent.h">
      <Filter>Header Files\Component\ConcreateComponent</Filter>
    </ClInclude>
    <ClInclude Include="Bullet.h">
      <Filter>Header Files\Entity</Filter>
    </ClInclude>
    <ClInclude Include="ShootingComponent.h">
      <Filter>Header Files</Filter>
    </ClInclude>
    <ClInclude Include="Enemy.h">
      <Filter>Header Files\Entity</Filter>
    </ClInclude>
    <ClInclude Include="Map.h">
      <Filter>Header Files\Tileset</Filter>
    </ClInclude>
    <ClInclude Include="Tile.h">
      <Filter>Header Files\Tileset</Filter>
    </ClInclude>
    <ClInclude Include="TileModel.h">
      <Filter>Header Files</Filter>
    </ClInclude>
    <ClInclude Include="TileEnum.h">
      <Filter>Header Files\Tileset</Filter>
    </ClInclude>
    <ClInclude Include="StringUtil.h">
      <Filter>Header Files\Utility</Filter>
    </ClInclude>
    <ClInclude Include="AStar.hpp">
      <Filter>Header Files\AStar</Filter>
    </ClInclude>
  </ItemGroup>
</Project>